
Microsoft Visual Studio Solution File, Format Version 12.00
# Visual Studio Version 17
VisualStudioVersion = 17.8.34511.84
MinimumVisualStudioVersion = 10.0.40219.1
Project("{FAE04EC0-301F-11D3-BF4B-00C04F79EFBC}") = "EOTR", "EOTR.csproj", "{5F1D8C6D-E127-4001-A575-E56D99DF271F}"
EndProject
Project("{2150E333-8FDC-42A3-9474-1A3956D46DE8}") = "ModSupport", "ModSupport", "{02EA681E-C7D8-13C7-8484-4AC65E1B71E8}"
EndProject
Project("{FAE04EC0-301F-11D3-BF4B-00C04F79EFBC}") = "AncientUrbanRuinsCompat", "ModCompat\AncientUrbanRuinsCompat\AncientUrbanRuinsCompat.csproj", "{F8AB2CD5-A727-4DAF-AD6F-23A4379D6219}"
EndProject
Global
	GlobalSection(SolutionConfigurationPlatforms) = preSolution
		Debug|Any CPU = Debug|Any CPU
		Release|Any CPU = Release|Any CPU
	EndGlobalSection
	GlobalSection(ProjectConfigurationPlatforms) = postSolution
		{5F1D8C6D-E127-4001-A575-E56D99DF271F}.Debug|Any CPU.ActiveCfg = Debug|Any CPU
		{5F1D8C6D-E127-4001-A575-E56D99DF271F}.Debug|Any CPU.Build.0 = Debug|Any CPU
		{5F1D8C6D-E127-4001-A575-E56D99DF271F}.Release|Any CPU.ActiveCfg = Release|Any CPU
		{5F1D8C6D-E127-4001-A575-E56D99DF271F}.Release|Any CPU.Build.0 = Release|Any CPU
		{F8AB2CD5-A727-4DAF-AD6F-23A4379D6219}.Debug|Any CPU.ActiveCfg = Debug|Any CPU
		{F8AB2CD5-A727-4DAF-AD6F-23A4379D6219}.Debug|Any CPU.Build.0 = Debug|Any CPU
		{F8AB2CD5-A727-4DAF-AD6F-23A4379D6219}.Release|Any CPU.ActiveCfg = Release|Any CPU
		{F8AB2CD5-A727-4DAF-AD6F-23A4379D6219}.Release|Any CPU.Build.0 = Release|Any CPU
	EndGlobalSection
	GlobalSection(SolutionProperties) = preSolution
		HideSolutionNode = FALSE
	EndGlobalSection
	GlobalSection(NestedProjects) = preSolution
		{F8AB2CD5-A727-4DAF-AD6F-23A4379D6219} = {02EA681E-C7D8-13C7-8484-4AC65E1B71E8}
	EndGlobalSection
	GlobalSection(ExtensibilityGlobals) = postSolution
		SolutionGuid = {479671DB-E9C4-429D-A366-590348018F34}
	EndGlobalSection
EndGlobal
